
Microsoft Visual Studio Solution File, Format Version 12.00
# Visual Studio 15
VisualStudioVersion = 15.0.26228.9
MinimumVisualStudioVersion = 10.0.40219.1
Project("{FAE04EC0-301F-11D3-BF4B-00C04F79EFBC}") = "EylisProtocol", "EylisProtocol\EylisProtocol.csproj", "{15406210-5DBE-4113-BCFA-A5AAE8CC2542}"
EndProject
Project("{FAE04EC0-301F-11D3-BF4B-00C04F79EFBC}") = "EylisProtocol.TinyServer.Test", "EylisProtocol.TinyServer.Test\EylisProtocol.TinyServer.Test.csproj", "{BF6438BF-FD10-4C6E-8277-68955334BF1F}"
	ProjectSection(ProjectDependencies) = postProject
		{15406210-5DBE-4113-BCFA-A5AAE8CC2542} = {15406210-5DBE-4113-BCFA-A5AAE8CC2542}
	EndProjectSection
EndProject
Project("{FAE04EC0-301F-11D3-BF4B-00C04F79EFBC}") = "EylisProtocol.TinyClient.Test", "EylisProtocol.TinyClient.Test\EylisProtocol.TinyClient.Test.csproj", "{810DAD75-5A08-4569-BA25-6F330CB28E2A}"
	ProjectSection(ProjectDependencies) = postProject
		{15406210-5DBE-4113-BCFA-A5AAE8CC2542} = {15406210-5DBE-4113-BCFA-A5AAE8CC2542}
	EndProjectSection
EndProject
Global
	GlobalSection(SolutionConfigurationPlatforms) = preSolution
		Debug|Any CPU = Debug|Any CPU
		Release|Any CPU = Release|Any CPU
	EndGlobalSection
	GlobalSection(ProjectConfigurationPlatforms) = postSolution
		{15406210-5DBE-4113-BCFA-A5AAE8CC2542}.Debug|Any CPU.ActiveCfg = Debug|Any CPU
		{15406210-5DBE-4113-BCFA-A5AAE8CC2542}.Debug|Any CPU.Build.0 = Debug|Any CPU
		{15406210-5DBE-4113-BCFA-A5AAE8CC2542}.Release|Any CPU.ActiveCfg = Release|Any CPU
		{15406210-5DBE-4113-BCFA-A5AAE8CC2542}.Release|Any CPU.Build.0 = Release|Any CPU
		{BF6438BF-FD10-4C6E-8277-68955334BF1F}.Debug|Any CPU.ActiveCfg = Debug|Any CPU
		{BF6438BF-FD10-4C6E-8277-68955334BF1F}.Debug|Any CPU.Build.0 = Debug|Any CPU
		{BF6438BF-FD10-4C6E-8277-68955334BF1F}.Release|Any CPU.ActiveCfg = Release|Any CPU
		{BF6438BF-FD10-4C6E-8277-68955334BF1F}.Release|Any CPU.Build.0 = Release|Any CPU
		{810DAD75-5A08-4569-BA25-6F330CB28E2A}.Debug|Any CPU.ActiveCfg = Debug|Any CPU
		{810DAD75-5A08-4569-BA25-6F330CB28E2A}.Debug|Any CPU.Build.0 = Debug|Any CPU
		{810DAD75-5A08-4569-BA25-6F330CB28E2A}.Release|Any CPU.ActiveCfg = Release|Any CPU
		{810DAD75-5A08-4569-BA25-6F330CB28E2A}.Release|Any CPU.Build.0 = Release|Any CPU
	EndGlobalSection
	GlobalSection(SolutionProperties) = preSolution
		HideSolutionNode = FALSE
	EndGlobalSection
EndGlobal
